{
  "version": "5",
  "specifiers": {
    "jsr:@hiisi/flash-freeze@0.1": "0.1.1",
    "jsr:@hiisi/viola-cli@~0.3.1": "0.3.1",
    "jsr:@hiisi/viola@0.3": "0.3.0",
    "jsr:@std/assert@1": "1.0.19",
    "jsr:@std/cli@1": "1.0.32",
    "jsr:@std/fs@1": "1.0.24",
    "jsr:@std/internal@^1.0.12": "1.0.14",
    "jsr:@std/internal@^1.0.14": "1.0.14",
    "jsr:@std/path@1": "1.1.6",
    "jsr:@std/path@^1.1.5": "1.1.6",
    "npm:web-tree-sitter@0.22.6": "0.22.6"
  },
  "jsr": {
    "@hiisi/flash-freeze@0.1.1": {
      "integrity": "d47a7143f8f0497101b62faf466574577383add61960265d8fc3323f3c77c512"
    },
    "@hiisi/viola@0.3.0": {
      "integrity": "c15f41be2c3e4054b433caa7ea3f366d5baa10b3dc8af4249b6569296c57a19e",
      "dependencies": [
        "jsr:@hiisi/flash-freeze",
        "jsr:@std/fs",
        "jsr:@std/path@1",
        "npm:web-tree-sitter"
      ]
    },
    "@hiisi/viola-cli@0.3.1": {
      "integrity": "0d86925e9763392e9882e218917fd8c8ee5c62849bf5464e1bc3e6fbf88b8eea",
      "dependencies": [
        "jsr:@hiisi/viola",
        "jsr:@std/cli",
        "jsr:@std/path@1"
      ]
    },
    "@std/assert@1.0.19": {
      "integrity": "eaada96ee120cb980bc47e040f82814d786fe8162ecc53c91d8df60b8755991e",
      "dependencies": [
        "jsr:@std/internal@^1.0.12"
      ]
    },
    "@std/cli@1.0.32": {
      "integrity": "188b3a100d6202d64e3f5bd3d799c7fa4f6d77f92cc65eb7f641c1fa0aa92a66"
    },
    "@std/fs@1.0.24": {
      "integrity": "f3061b45b81673a2bece689da041df32d174be064c89eb6397fb5718d3fb7877",
      "dependencies": [
        "jsr:@std/internal@^1.0.14",
        "jsr:@std/path@^1.1.5"
      ]
    },
    "@std/internal@1.0.14": {
      "integrity": "291516b3d4c35024d6ffbc0a9df5bf4c64116e05b50012cf846710152d2ffdf7"
    },
    "@std/path@1.1.6": {
      "integrity": "c68485c2a4dfbb5ae3cc74fae4e8c4e5d874cf8a8ed12927917235c758b46cbe",
      "dependencies": [
        "jsr:@std/internal@^1.0.14"
      ]
    }
  },
  "npm": {
    "web-tree-sitter@0.22.6": {
      "integrity": "sha512-hS87TH71Zd6mGAmYCvlgxeGDjqd9GTeqXNqTT+u0Gs51uIozNIaaq/kUAbV/Zf56jb2ZOyG8BxZs2GG9wbLi6Q=="
    }
  },
  "workspace": {
    "dependencies": [
      "jsr:@hiisi/viola@0.3",
      "jsr:@std/assert@1",
      "jsr:@std/fs@1",
      "jsr:@std/path@1"
    ]
  }
}
